// !$*UTF8*$!
{
	archiveVersion = 1;
	classes = {
	};
	objectVersion = 46;
	objects = {

/* Begin PBXBuildFile section */
		374EEB672DF99B043B9F46A3 /* libPods-Peer.a in Frameworks */ = {isa = PBXBuildFile; fileRef = 62BB40AEF92723EF99278C70 /* libPods-Peer.a */; };
		960103F41BA8795500152908 /* PeerNetworkManager.m in Sources */ = {isa = PBXBuildFile; fileRef = 960103EC1BA8795500152908 /* PeerNetworkManager.m */; };
		960103F51BA8795500152908 /* OpenUDID.m in Sources */ = {isa = PBXBuildFile; fileRef = 960103F01BA8795500152908 /* OpenUDID.m */; settings = {COMPILER_FLAGS = "-fno-objc-arc"; }; };
		960103FF1BA879C800152908 /* NSData+JSON.m in Sources */ = {isa = PBXBuildFile; fileRef = 960103F81BA879C800152908 /* NSData+JSON.m */; };
		960104001BA879C800152908 /* UIColor+Hex.m in Sources */ = {isa = PBXBuildFile; fileRef = 960103FA1BA879C800152908 /* UIColor+Hex.m */; };
		960104011BA879C800152908 /* UIImage+Color.m in Sources */ = {isa = PBXBuildFile; fileRef = 960103FC1BA879C800152908 /* UIImage+Color.m */; };
		960104021BA879C800152908 /* UIView+Layout.m in Sources */ = {isa = PBXBuildFile; fileRef = 960103FE1BA879C800152908 /* UIView+Layout.m */; };
		960104081BA879E200152908 /* AppService.m in Sources */ = {isa = PBXBuildFile; fileRef = 960104051BA879E200152908 /* AppService.m */; };
		960104091BA879E200152908 /* LoginService.m in Sources */ = {isa = PBXBuildFile; fileRef = 960104071BA879E200152908 /* LoginService.m */; };
		960104131BA879F600152908 /* LoginView.m in Sources */ = {isa = PBXBuildFile; fileRef = 9601040E1BA879F600152908 /* LoginView.m */; };
		960104141BA879F600152908 /* LoginViewController.m in Sources */ = {isa = PBXBuildFile; fileRef = 960104101BA879F600152908 /* LoginViewController.m */; };
		960104151BA879F600152908 /* ViewController.m in Sources */ = {isa = PBXBuildFile; fileRef = 960104121BA879F600152908 /* ViewController.m */; };
		960104201BA9CAC300152908 /* UserService.m in Sources */ = {isa = PBXBuildFile; fileRef = 9601041F1BA9CAC300152908 /* UserService.m */; };
		960104241BAB117200152908 /* AppModel.m in Sources */ = {isa = PBXBuildFile; fileRef = 960104231BAB117200152908 /* AppModel.m */; };
		960104271BAB1B2300152908 /* UserModel.m in Sources */ = {isa = PBXBuildFile; fileRef = 960104261BAB1B2300152908 /* UserModel.m */; };
		9601042B1BAB1C4600152908 /* PhoneVerifyViewController.m in Sources */ = {isa = PBXBuildFile; fileRef = 9601042A1BAB1C4600152908 /* PhoneVerifyViewController.m */; };
		9601042E1BAB1C5000152908 /* RegisterViewController.m in Sources */ = {isa = PBXBuildFile; fileRef = 9601042D1BAB1C5000152908 /* RegisterViewController.m */; };
		960104301BAC4F2900152908 /* LoginServiceTest.m in Sources */ = {isa = PBXBuildFile; fileRef = 9601042F1BAC4F2900152908 /* LoginServiceTest.m */; };
		960104351BAD6AB700152908 /* TestViewController.m in Sources */ = {isa = PBXBuildFile; fileRef = 960104341BAD6AB700152908 /* TestViewController.m */; };
		960104481BADC9D800152908 /* libicucore.dylib in Frameworks */ = {isa = PBXBuildFile; fileRef = 960104471BADC9D800152908 /* libicucore.dylib */; };
		9601044C1BADC9EA00152908 /* MessageUI.framework in Frameworks */ = {isa = PBXBuildFile; fileRef = 9601044B1BADC9EA00152908 /* MessageUI.framework */; };
		960104521BADD08600152908 /* SMS_SDKLocalizable.strings in Resources */ = {isa = PBXBuildFile; fileRef = 9601044E1BADD08600152908 /* SMS_SDKLocalizable.strings */; };
		960104531BADD08600152908 /* SMS_SDK.framework in Frameworks */ = {isa = PBXBuildFile; fileRef = 960104501BADD08600152908 /* SMS_SDK.framework */; };
		960104561BAE80C100152908 /* ValidationService.m in Sources */ = {isa = PBXBuildFile; fileRef = 960104551BAE80C100152908 /* ValidationService.m */; };
		960810041BDFBB6F00F6F9E2 /* MomentDetailsBottomView.m in Sources */ = {isa = PBXBuildFile; fileRef = 960810031BDFBB6F00F6F9E2 /* MomentDetailsBottomView.m */; settings = {ASSET_TAGS = (); }; };
		960810071BDFCE7300F6F9E2 /* NSDate+Formatter.m in Sources */ = {isa = PBXBuildFile; fileRef = 960810061BDFCE7300F6F9E2 /* NSDate+Formatter.m */; settings = {ASSET_TAGS = (); }; };
		9608100B1BDFD11300F6F9E2 /* PeerDateFormatter.m in Sources */ = {isa = PBXBuildFile; fileRef = 9608100A1BDFD11300F6F9E2 /* PeerDateFormatter.m */; settings = {ASSET_TAGS = (); }; };
		96105B111BDE932200F9BEFA /* CoreText.framework in Frameworks */ = {isa = PBXBuildFile; fileRef = 96105B101BDE932200F9BEFA /* CoreText.framework */; };
		961D2E4A1BA715C200C84C8B /* QuartzCore.framework in Frameworks */ = {isa = PBXBuildFile; fileRef = 961D2E491BA715C200C84C8B /* QuartzCore.framework */; };
		961D2E4C1BA715D500C84C8B /* Accelerate.framework in Frameworks */ = {isa = PBXBuildFile; fileRef = 961D2E4B1BA715D500C84C8B /* Accelerate.framework */; };
		9653C6A51BDCA31100D517C8 /* MomentDetailsCommentTableViewCell.m in Sources */ = {isa = PBXBuildFile; fileRef = 9653C6991BDCA31100D517C8 /* MomentDetailsCommentTableViewCell.m */; settings = {ASSET_TAGS = (); }; };
		9653C6A61BDCA31100D517C8 /* MomentDetailsHeaderView.m in Sources */ = {isa = PBXBuildFile; fileRef = 9653C69B1BDCA31100D517C8 /* MomentDetailsHeaderView.m */; settings = {ASSET_TAGS = (); }; };
		9653C6A71BDCA31100D517C8 /* MomentDetailsViewController.m in Sources */ = {isa = PBXBuildFile; fileRef = 9653C69D1BDCA31100D517C8 /* MomentDetailsViewController.m */; settings = {ASSET_TAGS = (); }; };
		9653C6B21BDCA32700D517C8 /* SendMomentViewController.m in Sources */ = {isa = PBXBuildFile; fileRef = 9653C6AD1BDCA32700D517C8 /* SendMomentViewController.m */; settings = {ASSET_TAGS = (); }; };
		9653C6B31BDCA32700D517C8 /* SendPhotoMomentViewController.m in Sources */ = {isa = PBXBuildFile; fileRef = 9653C6AF1BDCA32700D517C8 /* SendPhotoMomentViewController.m */; settings = {ASSET_TAGS = (); }; };
		9653C6B41BDCA32700D517C8 /* SendVideoMomentViewController.m in Sources */ = {isa = PBXBuildFile; fileRef = 9653C6B11BDCA32700D517C8 /* SendVideoMomentViewController.m */; settings = {ASSET_TAGS = (); }; };
		9653C6B81BDCF20400D517C8 /* RootNavViewController.m in Sources */ = {isa = PBXBuildFile; fileRef = 9653C6B71BDCF20400D517C8 /* RootNavViewController.m */; settings = {ASSET_TAGS = (); }; };
		9656F9451BD1321C0043FA38 /* CardCollectionViewCell.m in Sources */ = {isa = PBXBuildFile; fileRef = 9656F9441BD1321C0043FA38 /* CardCollectionViewCell.m */; settings = {ASSET_TAGS = (); }; };
		9656F9481BD145240043FA38 /* HorizonCardFlowLayout.m in Sources */ = {isa = PBXBuildFile; fileRef = 9656F9471BD145240043FA38 /* HorizonCardFlowLayout.m */; settings = {ASSET_TAGS = (); }; };
		9656F94C1BD147B00043FA38 /* LayoutUtil.m in Sources */ = {isa = PBXBuildFile; fileRef = 9656F94B1BD147B00043FA38 /* LayoutUtil.m */; settings = {ASSET_TAGS = (); }; };
		966144591BE129E4003BD75A /* PetDetailsViewController.m in Sources */ = {isa = PBXBuildFile; fileRef = 966144581BE129E4003BD75A /* PetDetailsViewController.m */; settings = {ASSET_TAGS = (); }; };
		966B517F1B7F8D70000F0EF2 /* main.m in Sources */ = {isa = PBXBuildFile; fileRef = 966B517E1B7F8D70000F0EF2 /* main.m */; };
		966B51821B7F8D70000F0EF2 /* AppDelegate.m in Sources */ = {isa = PBXBuildFile; fileRef = 966B51811B7F8D70000F0EF2 /* AppDelegate.m */; };
		966B518D1B7F8D70000F0EF2 /* LaunchScreen.xib in Resources */ = {isa = PBXBuildFile; fileRef = 966B518B1B7F8D70000F0EF2 /* LaunchScreen.xib */; };
		966B51991B7F8D70000F0EF2 /* PeerTests.m in Sources */ = {isa = PBXBuildFile; fileRef = 966B51981B7F8D70000F0EF2 /* PeerTests.m */; };
		968B3BD41BCAA21D00B8723A /* FileUploadService.m in Sources */ = {isa = PBXBuildFile; fileRef = 968B3BD31BCAA21D00B8723A /* FileUploadService.m */; settings = {ASSET_TAGS = (); }; };
		968B3BD71BCAA52400B8723A /* MomentsService.m in Sources */ = {isa = PBXBuildFile; fileRef = 968B3BD61BCAA52400B8723A /* MomentsService.m */; settings = {ASSET_TAGS = (); }; };
		968B3BDA1BCAA59400B8723A /* Pagination.m in Sources */ = {isa = PBXBuildFile; fileRef = 968B3BD91BCAA59400B8723A /* Pagination.m */; settings = {ASSET_TAGS = (); }; };
		968B3BDD1BCAA60B00B8723A /* MomentModel.m in Sources */ = {isa = PBXBuildFile; fileRef = 968B3BDC1BCAA60B00B8723A /* MomentModel.m */; settings = {ASSET_TAGS = (); }; };
		968B3BE01BCAA67000B8723A /* CommentModel.m in Sources */ = {isa = PBXBuildFile; fileRef = 968B3BDF1BCAA67000B8723A /* CommentModel.m */; settings = {ASSET_TAGS = (); }; };
		96A2D8D41BC032200016AE3F /* ApplicationDirectoryService.m in Sources */ = {isa = PBXBuildFile; fileRef = 96A2D8D31BC032200016AE3F /* ApplicationDirectoryService.m */; settings = {ASSET_TAGS = (); }; };
		96A2D8DA1BC118AA0016AE3F /* ALBB_OSS_IOS_SDK.framework in Frameworks */ = {isa = PBXBuildFile; fileRef = 96A2D8D91BC118AA0016AE3F /* ALBB_OSS_IOS_SDK.framework */; settings = {ASSET_TAGS = (); }; };
		96A2D8DD1BC119C70016AE3F /* OSSFileManager.m in Sources */ = {isa = PBXBuildFile; fileRef = 96A2D8DC1BC119C70016AE3F /* OSSFileManager.m */; settings = {ASSET_TAGS = (); }; };
		96DC2C4A1BCF5F8F00126AB6 /* HorizontalCardTableView.m in Sources */ = {isa = PBXBuildFile; fileRef = 96DC2C491BCF5F8F00126AB6 /* HorizontalCardTableView.m */; settings = {ASSET_TAGS = (); }; };
		96DC2C541BCF7CF500126AB6 /* libMobClickLibrary.a in Frameworks */ = {isa = PBXBuildFile; fileRef = 96DC2C511BCF7CF500126AB6 /* libMobClickLibrary.a */; settings = {ASSET_TAGS = (); }; };
		96DC2C561BCF7E0800126AB6 /* libz.tbd in Frameworks */ = {isa = PBXBuildFile; fileRef = 96DC2C551BCF7E0800126AB6 /* libz.tbd */; };
		96DC2C591BCF82F800126AB6 /* PeerHomeViewController.m in Sources */ = {isa = PBXBuildFile; fileRef = 96DC2C581BCF82F800126AB6 /* PeerHomeViewController.m */; settings = {ASSET_TAGS = (); }; };
		96DC2C5C1BCF84E300126AB6 /* HCTableViewCell.m in Sources */ = {isa = PBXBuildFile; fileRef = 96DC2C5B1BCF84E300126AB6 /* HCTableViewCell.m */; settings = {ASSET_TAGS = (); }; };
		96E5CB2A1BB1A9C3005503CD /* PetsService.m in Sources */ = {isa = PBXBuildFile; fileRef = 96E5CB291BB1A9C3005503CD /* PetsService.m */; };
		96E5CB2D1BB1A9EA005503CD /* PetsModel.m in Sources */ = {isa = PBXBuildFile; fileRef = 96E5CB2C1BB1A9EA005503CD /* PetsModel.m */; };
		96E5CB301BB1B18E005503CD /* NSDictionary+AddObject.m in Sources */ = {isa = PBXBuildFile; fileRef = 96E5CB2F1BB1B18E005503CD /* NSDictionary+AddObject.m */; };
		96F92A8C1BD5599900989916 /* Images.xcassets in Resources */ = {isa = PBXBuildFile; fileRef = 96F92A8B1BD5599900989916 /* Images.xcassets */; settings = {ASSET_TAGS = (); }; };
		CE2C57081BD37AC900DEAF32 /* NSString+Size.m in Sources */ = {isa = PBXBuildFile; fileRef = CE2C57071BD37AC900DEAF32 /* NSString+Size.m */; settings = {ASSET_TAGS = (); }; };
		CE2C570B1BD3885800DEAF32 /* HomeHeaderView.m in Sources */ = {isa = PBXBuildFile; fileRef = CE2C570A1BD3885800DEAF32 /* HomeHeaderView.m */; settings = {ASSET_TAGS = (); }; };
		CE2C570E1BD3889700DEAF32 /* HomeBottomView.m in Sources */ = {isa = PBXBuildFile; fileRef = CE2C570D1BD3889700DEAF32 /* HomeBottomView.m */; settings = {ASSET_TAGS = (); }; };
/* End PBXBuildFile section */

/* Begin PBXContainerItemProxy section */
		966B51931B7F8D70000F0EF2 /* PBXContainerItemProxy */ = {
			isa = PBXContainerItemProxy;
			containerPortal = 966B51711B7F8D70000F0EF2 /* Project object */;
			proxyType = 1;
			remoteGlobalIDString = 966B51781B7F8D70000F0EF2;
			remoteInfo = Peer;
		};
/* End PBXContainerItemProxy section */

/* Begin PBXFileReference section */
		272BA73686C155AAE8390D47 /* Pods-Peer.debug.xcconfig */ = {isa = PBXFileReference; includeInIndex = 1; lastKnownFileType = text.xcconfig; name = "Pods-Peer.debug.xcconfig"; path = "Pods/Target Support Files/Pods-Peer/Pods-Peer.debug.xcconfig"; sourceTree = "<group>"; };
		62BB40AEF92723EF99278C70 /* libPods-Peer.a */ = {isa = PBXFileReference; explicitFileType = archive.ar; includeInIndex = 0; path = "libPods-Peer.a"; sourceTree = BUILT_PRODUCTS_DIR; };
		960103EB1BA8795500152908 /* PeerNetworkManager.h */ = {isa = PBXFileReference; fileEncoding = 4; lastKnownFileType = sourcecode.c.h; path = PeerNetworkManager.h; sourceTree = "<group>"; };
		960103EC1BA8795500152908 /* PeerNetworkManager.m */ = {isa = PBXFileReference; fileEncoding = 4; lastKnownFileType = sourcecode.c.objc; path = PeerNetworkManager.m; sourceTree = "<group>"; };
		960103EF1BA8795500152908 /* OpenUDID.h */ = {isa = PBXFileReference; fileEncoding = 4; lastKnownFileType = sourcecode.c.h; path = OpenUDID.h; sourceTree = "<group>"; };
		960103F01BA8795500152908 /* OpenUDID.m */ = {isa = PBXFileReference; fileEncoding = 4; lastKnownFileType = sourcecode.c.objc; path = OpenUDID.m; sourceTree = "<group>"; };
		960103F71BA879C800152908 /* NSData+JSON.h */ = {isa = PBXFileReference; fileEncoding = 4; lastKnownFileType = sourcecode.c.h; path = "NSData+JSON.h"; sourceTree = "<group>"; };
		960103F81BA879C800152908 /* NSData+JSON.m */ = {isa = PBXFileReference; fileEncoding = 4; lastKnownFileType = sourcecode.c.objc; path = "NSData+JSON.m"; sourceTree = "<group>"; };
		960103F91BA879C800152908 /* UIColor+Hex.h */ = {isa = PBXFileReference; fileEncoding = 4; lastKnownFileType = sourcecode.c.h; path = "UIColor+Hex.h"; sourceTree = "<group>"; };
		960103FA1BA879C800152908 /* UIColor+Hex.m */ = {isa = PBXFileReference; fileEncoding = 4; lastKnownFileType = sourcecode.c.objc; path = "UIColor+Hex.m"; sourceTree = "<group>"; };
		960103FB1BA879C800152908 /* UIImage+Color.h */ = {isa = PBXFileReference; fileEncoding = 4; lastKnownFileType = sourcecode.c.h; path = "UIImage+Color.h"; sourceTree = "<group>"; };
		960103FC1BA879C800152908 /* UIImage+Color.m */ = {isa = PBXFileReference; fileEncoding = 4; lastKnownFileType = sourcecode.c.objc; path = "UIImage+Color.m"; sourceTree = "<group>"; };
		960103FD1BA879C800152908 /* UIView+Layout.h */ = {isa = PBXFileReference; fileEncoding = 4; lastKnownFileType = sourcecode.c.h; path = "UIView+Layout.h"; sourceTree = "<group>"; };
		960103FE1BA879C800152908 /* UIView+Layout.m */ = {isa = PBXFileReference; fileEncoding = 4; lastKnownFileType = sourcecode.c.objc; path = "UIView+Layout.m"; sourceTree = "<group>"; };
		960104041BA879E200152908 /* AppService.h */ = {isa = PBXFileReference; fileEncoding = 4; lastKnownFileType = sourcecode.c.h; path = AppService.h; sourceTree = "<group>"; };
		960104051BA879E200152908 /* AppService.m */ = {isa = PBXFileReference; fileEncoding = 4; lastKnownFileType = sourcecode.c.objc; path = AppService.m; sourceTree = "<group>"; };
		960104061BA879E200152908 /* LoginService.h */ = {isa = PBXFileReference; fileEncoding = 4; lastKnownFileType = sourcecode.c.h; path = LoginService.h; sourceTree = "<group>"; };
		960104071BA879E200152908 /* LoginService.m */ = {isa = PBXFileReference; fileEncoding = 4; lastKnownFileType = sourcecode.c.objc; path = LoginService.m; sourceTree = "<group>"; };
		9601040D1BA879F600152908 /* LoginView.h */ = {isa = PBXFileReference; fileEncoding = 4; lastKnownFileType = sourcecode.c.h; path = LoginView.h; sourceTree = "<group>"; };
		9601040E1BA879F600152908 /* LoginView.m */ = {isa = PBXFileReference; fileEncoding = 4; lastKnownFileType = sourcecode.c.objc; path = LoginView.m; sourceTree = "<group>"; };
		9601040F1BA879F600152908 /* LoginViewController.h */ = {isa = PBXFileReference; fileEncoding = 4; lastKnownFileType = sourcecode.c.h; path = LoginViewController.h; sourceTree = "<group>"; };
		960104101BA879F600152908 /* LoginViewController.m */ = {isa = PBXFileReference; fileEncoding = 4; lastKnownFileType = sourcecode.c.objc; path = LoginViewController.m; sourceTree = "<group>"; };
		960104111BA879F600152908 /* ViewController.h */ = {isa = PBXFileReference; fileEncoding = 4; lastKnownFileType = sourcecode.c.h; path = ViewController.h; sourceTree = "<group>"; };
		960104121BA879F600152908 /* ViewController.m */ = {isa = PBXFileReference; fileEncoding = 4; lastKnownFileType = sourcecode.c.objc; path = ViewController.m; sourceTree = "<group>"; };
		9601041E1BA9CAC300152908 /* UserService.h */ = {isa = PBXFileReference; fileEncoding = 4; lastKnownFileType = sourcecode.c.h; path = UserService.h; sourceTree = "<group>"; };
		9601041F1BA9CAC300152908 /* UserService.m */ = {isa = PBXFileReference; fileEncoding = 4; lastKnownFileType = sourcecode.c.objc; path = UserService.m; sourceTree = "<group>"; };
		960104221BAB117200152908 /* AppModel.h */ = {isa = PBXFileReference; fileEncoding = 4; lastKnownFileType = sourcecode.c.h; path = AppModel.h; sourceTree = "<group>"; };
		960104231BAB117200152908 /* AppModel.m */ = {isa = PBXFileReference; fileEncoding = 4; lastKnownFileType = sourcecode.c.objc; path = AppModel.m; sourceTree = "<group>"; };
		960104251BAB1B2300152908 /* UserModel.h */ = {isa = PBXFileReference; fileEncoding = 4; lastKnownFileType = sourcecode.c.h; path = UserModel.h; sourceTree = "<group>"; };
		960104261BAB1B2300152908 /* UserModel.m */ = {isa = PBXFileReference; fileEncoding = 4; lastKnownFileType = sourcecode.c.objc; path = UserModel.m; sourceTree = "<group>"; };
		960104291BAB1C4600152908 /* PhoneVerifyViewController.h */ = {isa = PBXFileReference; fileEncoding = 4; lastKnownFileType = sourcecode.c.h; path = PhoneVerifyViewController.h; sourceTree = "<group>"; };
		9601042A1BAB1C4600152908 /* PhoneVerifyViewController.m */ = {isa = PBXFileReference; fileEncoding = 4; lastKnownFileType = sourcecode.c.objc; path = PhoneVerifyViewController.m; sourceTree = "<group>"; };
		9601042C1BAB1C5000152908 /* RegisterViewController.h */ = {isa = PBXFileReference; fileEncoding = 4; lastKnownFileType = sourcecode.c.h; path = RegisterViewController.h; sourceTree = "<group>"; };
		9601042D1BAB1C5000152908 /* RegisterViewController.m */ = {isa = PBXFileReference; fileEncoding = 4; lastKnownFileType = sourcecode.c.objc; path = RegisterViewController.m; sourceTree = "<group>"; };
		9601042F1BAC4F2900152908 /* LoginServiceTest.m */ = {isa = PBXFileReference; fileEncoding = 4; lastKnownFileType = sourcecode.c.objc; path = LoginServiceTest.m; sourceTree = "<group>"; };
		960104311BAC54B400152908 /* libPods-Peer.a */ = {isa = PBXFileReference; lastKnownFileType = archive.ar; name = "libPods-Peer.a"; path = "Pods/build/Debug-iphoneos/libPods-Peer.a"; sourceTree = "<group>"; };
		960104331BAD6AB700152908 /* TestViewController.h */ = {isa = PBXFileReference; fileEncoding = 4; lastKnownFileType = sourcecode.c.h; path = TestViewController.h; sourceTree = "<group>"; };
		960104341BAD6AB700152908 /* TestViewController.m */ = {isa = PBXFileReference; fileEncoding = 4; lastKnownFileType = sourcecode.c.objc; path = TestViewController.m; sourceTree = "<group>"; };
		960104471BADC9D800152908 /* libicucore.dylib */ = {isa = PBXFileReference; lastKnownFileType = "compiled.mach-o.dylib"; name = libicucore.dylib; path = usr/lib/libicucore.dylib; sourceTree = SDKROOT; };
		960104491BADC9DF00152908 /* libz.dylib */ = {isa = PBXFileReference; lastKnownFileType = "compiled.mach-o.dylib"; name = libz.dylib; path = usr/lib/libz.dylib; sourceTree = SDKROOT; };
		9601044B1BADC9EA00152908 /* MessageUI.framework */ = {isa = PBXFileReference; lastKnownFileType = wrapper.framework; name = MessageUI.framework; path = System/Library/Frameworks/MessageUI.framework; sourceTree = SDKROOT; };
		9601044F1BADD08600152908 /* en */ = {isa = PBXFileReference; lastKnownFileType = text.plist.strings; name = en; path = en.lproj/SMS_SDKLocalizable.strings; sourceTree = "<group>"; };
		960104501BADD08600152908 /* SMS_SDK.framework */ = {isa = PBXFileReference; lastKnownFileType = wrapper.framework; path = SMS_SDK.framework; sourceTree = "<group>"; };
		960104511BADD08600152908 /* zh-Hans */ = {isa = PBXFileReference; lastKnownFileType = text.plist.strings; name = "zh-Hans"; path = "zh-Hans.lproj/SMS_SDKLocalizable.strings"; sourceTree = "<group>"; };
		960104541BAE80C100152908 /* ValidationService.h */ = {isa = PBXFileReference; fileEncoding = 4; lastKnownFileType = sourcecode.c.h; path = ValidationService.h; sourceTree = "<group>"; };
		960104551BAE80C100152908 /* ValidationService.m */ = {isa = PBXFileReference; fileEncoding = 4; lastKnownFileType = sourcecode.c.objc; path = ValidationService.m; sourceTree = "<group>"; };
		960810021BDFBB6F00F6F9E2 /* MomentDetailsBottomView.h */ = {isa = PBXFileReference; fileEncoding = 4; lastKnownFileType = sourcecode.c.h; path = MomentDetailsBottomView.h; sourceTree = "<group>"; };
		960810031BDFBB6F00F6F9E2 /* MomentDetailsBottomView.m */ = {isa = PBXFileReference; fileEncoding = 4; lastKnownFileType = sourcecode.c.objc; path = MomentDetailsBottomView.m; sourceTree = "<group>"; };
		960810051BDFCE7300F6F9E2 /* NSDate+Formatter.h */ = {isa = PBXFileReference; fileEncoding = 4; lastKnownFileType = sourcecode.c.h; path = "NSDate+Formatter.h"; sourceTree = "<group>"; };
		960810061BDFCE7300F6F9E2 /* NSDate+Formatter.m */ = {isa = PBXFileReference; fileEncoding = 4; lastKnownFileType = sourcecode.c.objc; path = "NSDate+Formatter.m"; sourceTree = "<group>"; };
		960810091BDFD11300F6F9E2 /* PeerDateFormatter.h */ = {isa = PBXFileReference; fileEncoding = 4; lastKnownFileType = sourcecode.c.h; path = PeerDateFormatter.h; sourceTree = "<group>"; };
		9608100A1BDFD11300F6F9E2 /* PeerDateFormatter.m */ = {isa = PBXFileReference; fileEncoding = 4; lastKnownFileType = sourcecode.c.objc; path = PeerDateFormatter.m; sourceTree = "<group>"; };
		96105B101BDE932200F9BEFA /* CoreText.framework */ = {isa = PBXFileReference; lastKnownFileType = wrapper.framework; name = CoreText.framework; path = System/Library/Frameworks/CoreText.framework; sourceTree = SDKROOT; };
		961D2E491BA715C200C84C8B /* QuartzCore.framework */ = {isa = PBXFileReference; lastKnownFileType = wrapper.framework; name = QuartzCore.framework; path = System/Library/Frameworks/QuartzCore.framework; sourceTree = SDKROOT; };
		961D2E4B1BA715D500C84C8B /* Accelerate.framework */ = {isa = PBXFileReference; lastKnownFileType = wrapper.framework; name = Accelerate.framework; path = System/Library/Frameworks/Accelerate.framework; sourceTree = SDKROOT; };
		9653C6981BDCA31100D517C8 /* MomentDetailsCommentTableViewCell.h */ = {isa = PBXFileReference; fileEncoding = 4; lastKnownFileType = sourcecode.c.h; path = MomentDetailsCommentTableViewCell.h; sourceTree = "<group>"; };
		9653C6991BDCA31100D517C8 /* MomentDetailsCommentTableViewCell.m */ = {isa = PBXFileReference; fileEncoding = 4; lastKnownFileType = sourcecode.c.objc; path = MomentDetailsCommentTableViewCell.m; sourceTree = "<group>"; };
		9653C69A1BDCA31100D517C8 /* MomentDetailsHeaderView.h */ = {isa = PBXFileReference; fileEncoding = 4; lastKnownFileType = sourcecode.c.h; path = MomentDetailsHeaderView.h; sourceTree = "<group>"; };
		9653C69B1BDCA31100D517C8 /* MomentDetailsHeaderView.m */ = {isa = PBXFileReference; fileEncoding = 4; lastKnownFileType = sourcecode.c.objc; path = MomentDetailsHeaderView.m; sourceTree = "<group>"; };
		9653C69C1BDCA31100D517C8 /* MomentDetailsViewController.h */ = {isa = PBXFileReference; fileEncoding = 4; lastKnownFileType = sourcecode.c.h; path = MomentDetailsViewController.h; sourceTree = "<group>"; };
		9653C69D1BDCA31100D517C8 /* MomentDetailsViewController.m */ = {isa = PBXFileReference; fileEncoding = 4; lastKnownFileType = sourcecode.c.objc; path = MomentDetailsViewController.m; sourceTree = "<group>"; };
		9653C6AC1BDCA32700D517C8 /* SendMomentViewController.h */ = {isa = PBXFileReference; fileEncoding = 4; lastKnownFileType = sourcecode.c.h; path = SendMomentViewController.h; sourceTree = "<group>"; };
		9653C6AD1BDCA32700D517C8 /* SendMomentViewController.m */ = {isa = PBXFileReference; fileEncoding = 4; lastKnownFileType = sourcecode.c.objc; path = SendMomentViewController.m; sourceTree = "<group>"; };
		9653C6AE1BDCA32700D517C8 /* SendPhotoMomentViewController.h */ = {isa = PBXFileReference; fileEncoding = 4; lastKnownFileType = sourcecode.c.h; path = SendPhotoMomentViewController.h; sourceTree = "<group>"; };
		9653C6AF1BDCA32700D517C8 /* SendPhotoMomentViewController.m */ = {isa = PBXFileReference; fileEncoding = 4; lastKnownFileType = sourcecode.c.objc; path = SendPhotoMomentViewController.m; sourceTree = "<group>"; };
		9653C6B01BDCA32700D517C8 /* SendVideoMomentViewController.h */ = {isa = PBXFileReference; fileEncoding = 4; lastKnownFileType = sourcecode.c.h; path = SendVideoMomentViewController.h; sourceTree = "<group>"; };
		9653C6B11BDCA32700D517C8 /* SendVideoMomentViewController.m */ = {isa = PBXFileReference; fileEncoding = 4; lastKnownFileType = sourcecode.c.objc; path = SendVideoMomentViewController.m; sourceTree = "<group>"; };
		9653C6B61BDCF20400D517C8 /* RootNavViewController.h */ = {isa = PBXFileReference; fileEncoding = 4; lastKnownFileType = sourcecode.c.h; path = RootNavViewController.h; sourceTree = "<group>"; };
		9653C6B71BDCF20400D517C8 /* RootNavViewController.m */ = {isa = PBXFileReference; fileEncoding = 4; lastKnownFileType = sourcecode.c.objc; path = RootNavViewController.m; sourceTree = "<group>"; };
		9656F9431BD1321C0043FA38 /* CardCollectionViewCell.h */ = {isa = PBXFileReference; fileEncoding = 4; lastKnownFileType = sourcecode.c.h; path = CardCollectionViewCell.h; sourceTree = "<group>"; };
		9656F9441BD1321C0043FA38 /* CardCollectionViewCell.m */ = {isa = PBXFileReference; fileEncoding = 4; lastKnownFileType = sourcecode.c.objc; path = CardCollectionViewCell.m; sourceTree = "<group>"; };
		9656F9461BD145240043FA38 /* HorizonCardFlowLayout.h */ = {isa = PBXFileReference; fileEncoding = 4; lastKnownFileType = sourcecode.c.h; path = HorizonCardFlowLayout.h; sourceTree = "<group>"; };
		9656F9471BD145240043FA38 /* HorizonCardFlowLayout.m */ = {isa = PBXFileReference; fileEncoding = 4; lastKnownFileType = sourcecode.c.objc; path = HorizonCardFlowLayout.m; sourceTree = "<group>"; };
		9656F94A1BD147B00043FA38 /* LayoutUtil.h */ = {isa = PBXFileReference; fileEncoding = 4; lastKnownFileType = sourcecode.c.h; path = LayoutUtil.h; sourceTree = "<group>"; };
		9656F94B1BD147B00043FA38 /* LayoutUtil.m */ = {isa = PBXFileReference; fileEncoding = 4; lastKnownFileType = sourcecode.c.objc; path = LayoutUtil.m; sourceTree = "<group>"; };
		966144571BE129E4003BD75A /* PetDetailsViewController.h */ = {isa = PBXFileReference; fileEncoding = 4; lastKnownFileType = sourcecode.c.h; path = PetDetailsViewController.h; sourceTree = "<group>"; };
		966144581BE129E4003BD75A /* PetDetailsViewController.m */ = {isa = PBXFileReference; fileEncoding = 4; lastKnownFileType = sourcecode.c.objc; path = PetDetailsViewController.m; sourceTree = "<group>"; };
		966B51791B7F8D70000F0EF2 /* Peer.app */ = {isa = PBXFileReference; explicitFileType = wrapper.application; includeInIndex = 0; path = Peer.app; sourceTree = BUILT_PRODUCTS_DIR; };
		966B517D1B7F8D70000F0EF2 /* Info.plist */ = {isa = PBXFileReference; lastKnownFileType = text.plist.xml; path = Info.plist; sourceTree = "<group>"; };
		966B517E1B7F8D70000F0EF2 /* main.m */ = {isa = PBXFileReference; lastKnownFileType = sourcecode.c.objc; path = main.m; sourceTree = "<group>"; };
		966B51801B7F8D70000F0EF2 /* AppDelegate.h */ = {isa = PBXFileReference; lastKnownFileType = sourcecode.c.h; path = AppDelegate.h; sourceTree = "<group>"; };
		966B51811B7F8D70000F0EF2 /* AppDelegate.m */ = {isa = PBXFileReference; lastKnownFileType = sourcecode.c.objc; path = AppDelegate.m; sourceTree = "<group>"; };
		966B518C1B7F8D70000F0EF2 /* Base */ = {isa = PBXFileReference; lastKnownFileType = file.xib; name = Base; path = Base.lproj/LaunchScreen.xib; sourceTree = "<group>"; };
		966B51921B7F8D70000F0EF2 /* PeerTests.xctest */ = {isa = PBXFileReference; explicitFileType = wrapper.cfbundle; includeInIndex = 0; path = PeerTests.xctest; sourceTree = BUILT_PRODUCTS_DIR; };
		966B51971B7F8D70000F0EF2 /* Info.plist */ = {isa = PBXFileReference; lastKnownFileType = text.plist.xml; path = Info.plist; sourceTree = "<group>"; };
		966B51981B7F8D70000F0EF2 /* PeerTests.m */ = {isa = PBXFileReference; lastKnownFileType = sourcecode.c.objc; path = PeerTests.m; sourceTree = "<group>"; };
		966B51A91B7FA959000F0EF2 /* Peer-Prefix.pch */ = {isa = PBXFileReference; lastKnownFileType = sourcecode.c.h; path = "Peer-Prefix.pch"; sourceTree = "<group>"; };
		968B3BD21BCAA21D00B8723A /* FileUploadService.h */ = {isa = PBXFileReference; fileEncoding = 4; lastKnownFileType = sourcecode.c.h; path = FileUploadService.h; sourceTree = "<group>"; };
		968B3BD31BCAA21D00B8723A /* FileUploadService.m */ = {isa = PBXFileReference; fileEncoding = 4; lastKnownFileType = sourcecode.c.objc; path = FileUploadService.m; sourceTree = "<group>"; };
		968B3BD51BCAA52400B8723A /* MomentsService.h */ = {isa = PBXFileReference; fileEncoding = 4; lastKnownFileType = sourcecode.c.h; path = MomentsService.h; sourceTree = "<group>"; };
		968B3BD61BCAA52400B8723A /* MomentsService.m */ = {isa = PBXFileReference; fileEncoding = 4; lastKnownFileType = sourcecode.c.objc; path = MomentsService.m; sourceTree = "<group>"; };
		968B3BD81BCAA59400B8723A /* Pagination.h */ = {isa = PBXFileReference; fileEncoding = 4; lastKnownFileType = sourcecode.c.h; path = Pagination.h; sourceTree = "<group>"; };
		968B3BD91BCAA59400B8723A /* Pagination.m */ = {isa = PBXFileReference; fileEncoding = 4; lastKnownFileType = sourcecode.c.objc; path = Pagination.m; sourceTree = "<group>"; };
		968B3BDB1BCAA60B00B8723A /* MomentModel.h */ = {isa = PBXFileReference; fileEncoding = 4; lastKnownFileType = sourcecode.c.h; path = MomentModel.h; sourceTree = "<group>"; };
		968B3BDC1BCAA60B00B8723A /* MomentModel.m */ = {isa = PBXFileReference; fileEncoding = 4; lastKnownFileType = sourcecode.c.objc; path = MomentModel.m; sourceTree = "<group>"; };
		968B3BDE1BCAA67000B8723A /* CommentModel.h */ = {isa = PBXFileReference; fileEncoding = 4; lastKnownFileType = sourcecode.c.h; path = CommentModel.h; sourceTree = "<group>"; };
		968B3BDF1BCAA67000B8723A /* CommentModel.m */ = {isa = PBXFileReference; fileEncoding = 4; lastKnownFileType = sourcecode.c.objc; path = CommentModel.m; sourceTree = "<group>"; };
		96A2D8D21BC032200016AE3F /* ApplicationDirectoryService.h */ = {isa = PBXFileReference; fileEncoding = 4; lastKnownFileType = sourcecode.c.h; path = ApplicationDirectoryService.h; sourceTree = "<group>"; };
		96A2D8D31BC032200016AE3F /* ApplicationDirectoryService.m */ = {isa = PBXFileReference; fileEncoding = 4; lastKnownFileType = sourcecode.c.objc; path = ApplicationDirectoryService.m; sourceTree = "<group>"; };
		96A2D8D91BC118AA0016AE3F /* ALBB_OSS_IOS_SDK.framework */ = {isa = PBXFileReference; lastKnownFileType = wrapper.framework; path = ALBB_OSS_IOS_SDK.framework; sourceTree = "<group>"; };
		96A2D8DB1BC119C70016AE3F /* OSSFileManager.h */ = {isa = PBXFileReference; fileEncoding = 4; lastKnownFileType = sourcecode.c.h; path = OSSFileManager.h; sourceTree = "<group>"; };
		96A2D8DC1BC119C70016AE3F /* OSSFileManager.m */ = {isa = PBXFileReference; fileEncoding = 4; lastKnownFileType = sourcecode.c.objc; path = OSSFileManager.m; sourceTree = "<group>"; };
		96DC2C481BCF5F8F00126AB6 /* HorizontalCardTableView.h */ = {isa = PBXFileReference; fileEncoding = 4; lastKnownFileType = sourcecode.c.h; path = HorizontalCardTableView.h; sourceTree = "<group>"; };
		96DC2C491BCF5F8F00126AB6 /* HorizontalCardTableView.m */ = {isa = PBXFileReference; fileEncoding = 4; lastKnownFileType = sourcecode.c.objc; path = HorizontalCardTableView.m; sourceTree = "<group>"; };
		96DC2C511BCF7CF500126AB6 /* libMobClickLibrary.a */ = {isa = PBXFileReference; lastKnownFileType = archive.ar; path = libMobClickLibrary.a; sourceTree = "<group>"; };
		96DC2C521BCF7CF500126AB6 /* MobClick.h */ = {isa = PBXFileReference; fileEncoding = 4; lastKnownFileType = sourcecode.c.h; path = MobClick.h; sourceTree = "<group>"; };
		96DC2C531BCF7CF500126AB6 /* MobClickSocialAnalytics.h */ = {isa = PBXFileReference; fileEncoding = 4; lastKnownFileType = sourcecode.c.h; path = MobClickSocialAnalytics.h; sourceTree = "<group>"; };
		96DC2C551BCF7E0800126AB6 /* libz.tbd */ = {isa = PBXFileReference; lastKnownFileType = "sourcecode.text-based-dylib-definition"; name = libz.tbd; path = usr/lib/libz.tbd; sourceTree = SDKROOT; };
		96DC2C571BCF82F800126AB6 /* PeerHomeViewController.h */ = {isa = PBXFileReference; fileEncoding = 4; lastKnownFileType = sourcecode.c.h; path = PeerHomeViewController.h; sourceTree = "<group>"; };
		96DC2C581BCF82F800126AB6 /* PeerHomeViewController.m */ = {isa = PBXFileReference; fileEncoding = 4; lastKnownFileType = sourcecode.c.objc; path = PeerHomeViewController.m; sourceTree = "<group>"; };
		96DC2C5A1BCF84E300126AB6 /* HCTableViewCell.h */ = {isa = PBXFileReference; fileEncoding = 4; lastKnownFileType = sourcecode.c.h; path = HCTableViewCell.h; sourceTree = "<group>"; };
		96DC2C5B1BCF84E300126AB6 /* HCTableViewCell.m */ = {isa = PBXFileReference; fileEncoding = 4; lastKnownFileType = sourcecode.c.objc; path = HCTableViewCell.m; sourceTree = "<group>"; };
		96E5CB281BB1A9C3005503CD /* PetsService.h */ = {isa = PBXFileReference; fileEncoding = 4; lastKnownFileType = sourcecode.c.h; path = PetsService.h; sourceTree = "<group>"; };
		96E5CB291BB1A9C3005503CD /* PetsService.m */ = {isa = PBXFileReference; fileEncoding = 4; lastKnownFileType = sourcecode.c.objc; path = PetsService.m; sourceTree = "<group>"; };
		96E5CB2B1BB1A9EA005503CD /* PetsModel.h */ = {isa = PBXFileReference; fileEncoding = 4; lastKnownFileType = sourcecode.c.h; path = PetsModel.h; sourceTree = "<group>"; };
		96E5CB2C1BB1A9EA005503CD /* PetsModel.m */ = {isa = PBXFileReference; fileEncoding = 4; lastKnownFileType = sourcecode.c.objc; path = PetsModel.m; sourceTree = "<group>"; };
		96E5CB2E1BB1B18E005503CD /* NSDictionary+AddObject.h */ = {isa = PBXFileReference; fileEncoding = 4; lastKnownFileType = sourcecode.c.h; path = "NSDictionary+AddObject.h"; sourceTree = "<group>"; };
		96E5CB2F1BB1B18E005503CD /* NSDictionary+AddObject.m */ = {isa = PBXFileReference; fileEncoding = 4; lastKnownFileType = sourcecode.c.objc; path = "NSDictionary+AddObject.m"; sourceTree = "<group>"; };
		96F92A8B1BD5599900989916 /* Images.xcassets */ = {isa = PBXFileReference; lastKnownFileType = folder.assetcatalog; path = Images.xcassets; sourceTree = "<group>"; };
		A1FE296EA4C7788C849801D9 /* Pods-Peer.release.xcconfig */ = {isa = PBXFileReference; includeInIndex = 1; lastKnownFileType = text.xcconfig; name = "Pods-Peer.release.xcconfig"; path = "Pods/Target Support Files/Pods-Peer/Pods-Peer.release.xcconfig"; sourceTree = "<group>"; };
		CE2C57061BD37AC900DEAF32 /* NSString+Size.h */ = {isa = PBXFileReference; fileEncoding = 4; lastKnownFileType = sourcecode.c.h; path = "NSString+Size.h"; sourceTree = "<group>"; };
		CE2C57071BD37AC900DEAF32 /* NSString+Size.m */ = {isa = PBXFileReference; fileEncoding = 4; lastKnownFileType = sourcecode.c.objc; path = "NSString+Size.m"; sourceTree = "<group>"; };
		CE2C57091BD3885800DEAF32 /* HomeHeaderView.h */ = {isa = PBXFileReference; fileEncoding = 4; lastKnownFileType = sourcecode.c.h; path = HomeHeaderView.h; sourceTree = "<group>"; };
		CE2C570A1BD3885800DEAF32 /* HomeHeaderView.m */ = {isa = PBXFileReference; fileEncoding = 4; lastKnownFileType = sourcecode.c.objc; path = HomeHeaderView.m; sourceTree = "<group>"; };
		CE2C570C1BD3889700DEAF32 /* HomeBottomView.h */ = {isa = PBXFileReference; fileEncoding = 4; lastKnownFileType = sourcecode.c.h; path = HomeBottomView.h; sourceTree = "<group>"; };
		CE2C570D1BD3889700DEAF32 /* HomeBottomView.m */ = {isa = PBXFileReference; fileEncoding = 4; lastKnownFileType = sourcecode.c.objc; path = HomeBottomView.m; sourceTree = "<group>"; };
/* End PBXFileReference section */

/* Begin PBXFrameworksBuildPhase section */
		966B51761B7F8D70000F0EF2 /* Frameworks */ = {
			isa = PBXFrameworksBuildPhase;
			buildActionMask = 2147483647;
			files = (
				96105B111BDE932200F9BEFA /* CoreText.framework in Frameworks */,
				96DC2C561BCF7E0800126AB6 /* libz.tbd in Frameworks */,
				96DC2C541BCF7CF500126AB6 /* libMobClickLibrary.a in Frameworks */,
				9601044C1BADC9EA00152908 /* MessageUI.framework in Frameworks */,
				960104481BADC9D800152908 /* libicucore.dylib in Frameworks */,
				961D2E4C1BA715D500C84C8B /* Accelerate.framework in Frameworks */,
				960104531BADD08600152908 /* SMS_SDK.framework in Frameworks */,
				961D2E4A1BA715C200C84C8B /* QuartzCore.framework in Frameworks */,
				96A2D8DA1BC118AA0016AE3F /* ALBB_OSS_IOS_SDK.framework in Frameworks */,
				374EEB672DF99B043B9F46A3 /* libPods-Peer.a in Frameworks */,
			);
			runOnlyForDeploymentPostprocessing = 0;
		};
		966B518F1B7F8D70000F0EF2 /* Frameworks */ = {
			isa = PBXFrameworksBuildPhase;
			buildActionMask = 2147483647;
			files = (
			);
			runOnlyForDeploymentPostprocessing = 0;
		};
/* End PBXFrameworksBuildPhase section */

/* Begin PBXGroup section */
		1B4F7B120EE7351ACEF659A5 /* Frameworks */ = {
			isa = PBXGroup;
			children = (
				96105B101BDE932200F9BEFA /* CoreText.framework */,
				96DC2C551BCF7E0800126AB6 /* libz.tbd */,
				9601044B1BADC9EA00152908 /* MessageUI.framework */,
				960104491BADC9DF00152908 /* libz.dylib */,
				960104471BADC9D800152908 /* libicucore.dylib */,
				960104311BAC54B400152908 /* libPods-Peer.a */,
				961D2E4B1BA715D500C84C8B /* Accelerate.framework */,
				961D2E491BA715C200C84C8B /* QuartzCore.framework */,
				62BB40AEF92723EF99278C70 /* libPods-Peer.a */,
			);
			name = Frameworks;
			sourceTree = "<group>";
		};
		960103E21BA8795500152908 /* Components */ = {
			isa = PBXGroup;
			children = (
				96DC2C461BCF5F3200126AB6 /* Peer */,
				960103F61BA879C800152908 /* Categories */,
				960103EA1BA8795500152908 /* Network */,
				960103ED1BA8795500152908 /* Vendor */,
			);
			path = Components;
			sourceTree = "<group>";
		};
		960103EA1BA8795500152908 /* Network */ = {
			isa = PBXGroup;
			children = (
				960103EB1BA8795500152908 /* PeerNetworkManager.h */,
				960103EC1BA8795500152908 /* PeerNetworkManager.m */,
			);
			path = Network;
			sourceTree = "<group>";
		};
		960103ED1BA8795500152908 /* Vendor */ = {
			isa = PBXGroup;
			children = (
				96DC2C501BCF7CE700126AB6 /* UMeng */,
				96A2D8D51BC117DF0016AE3F /* OSS1.3 */,
				9601044D1BADD08600152908 /* SMS_SDK */,
				960103EE1BA8795500152908 /* OpenUDID */,
			);
			path = Vendor;
			sourceTree = "<group>";
		};
		960103EE1BA8795500152908 /* OpenUDID */ = {
			isa = PBXGroup;
			children = (
				960103EF1BA8795500152908 /* OpenUDID.h */,
				960103F01BA8795500152908 /* OpenUDID.m */,
			);
			path = OpenUDID;
			sourceTree = "<group>";
		};
		960103F61BA879C800152908 /* Categories */ = {
			isa = PBXGroup;
			children = (
				960103F71BA879C800152908 /* NSData+JSON.h */,
				960103F81BA879C800152908 /* NSData+JSON.m */,
				960103F91BA879C800152908 /* UIColor+Hex.h */,
				960103FA1BA879C800152908 /* UIColor+Hex.m */,
				960103FB1BA879C800152908 /* UIImage+Color.h */,
				960103FC1BA879C800152908 /* UIImage+Color.m */,
				960103FD1BA879C800152908 /* UIView+Layout.h */,
				960103FE1BA879C800152908 /* UIView+Layout.m */,
				96E5CB2E1BB1B18E005503CD /* NSDictionary+AddObject.h */,
				96E5CB2F1BB1B18E005503CD /* NSDictionary+AddObject.m */,
				CE2C57061BD37AC900DEAF32 /* NSString+Size.h */,
				CE2C57071BD37AC900DEAF32 /* NSString+Size.m */,
				960810051BDFCE7300F6F9E2 /* NSDate+Formatter.h */,
				960810061BDFCE7300F6F9E2 /* NSDate+Formatter.m */,
			);
			path = Categories;
			sourceTree = "<group>";
		};
		960104031BA879E200152908 /* Services */ = {
			isa = PBXGroup;
			children = (
				960104041BA879E200152908 /* AppService.h */,
				960104051BA879E200152908 /* AppService.m */,
				960104061BA879E200152908 /* LoginService.h */,
				960104071BA879E200152908 /* LoginService.m */,
				9601041E1BA9CAC300152908 /* UserService.h */,
				9601041F1BA9CAC300152908 /* UserService.m */,
				960104541BAE80C100152908 /* ValidationService.h */,
				960104551BAE80C100152908 /* ValidationService.m */,
				96E5CB281BB1A9C3005503CD /* PetsService.h */,
				96E5CB291BB1A9C3005503CD /* PetsService.m */,
				96A2D8D21BC032200016AE3F /* ApplicationDirectoryService.h */,
				96A2D8D31BC032200016AE3F /* ApplicationDirectoryService.m */,
				968B3BD21BCAA21D00B8723A /* FileUploadService.h */,
				968B3BD31BCAA21D00B8723A /* FileUploadService.m */,
				968B3BD51BCAA52400B8723A /* MomentsService.h */,
				968B3BD61BCAA52400B8723A /* MomentsService.m */,
			);
			path = Services;
			sourceTree = "<group>";
		};
		9601040A1BA879F600152908 /* ViewControllers */ = {
			isa = PBXGroup;
			children = (
				966144561BE129C7003BD75A /* Pet */,
				9653C6971BDCA31100D517C8 /* Moment */,
				96DC2C4B1BCF6DF300126AB6 /* Home */,
				9601040B1BA879F600152908 /* User */,
				960104111BA879F600152908 /* ViewController.h */,
				960104121BA879F600152908 /* ViewController.m */,
				960104331BAD6AB700152908 /* TestViewController.h */,
				960104341BAD6AB700152908 /* TestViewController.m */,
			);
			path = ViewControllers;
			sourceTree = "<group>";
		};
		9601040B1BA879F600152908 /* User */ = {
			isa = PBXGroup;
			children = (
				960104281BAB1C2E00152908 /* Register */,
				9601040C1BA879F600152908 /* Login */,
			);
			path = User;
			sourceTree = "<group>";
		};
		9601040C1BA879F600152908 /* Login */ = {
			isa = PBXGroup;
			children = (
				9601040D1BA879F600152908 /* LoginView.h */,
				9601040E1BA879F600152908 /* LoginView.m */,
				9601040F1BA879F600152908 /* LoginViewController.h */,
				960104101BA879F600152908 /* LoginViewController.m */,
			);
			path = Login;
			sourceTree = "<group>";
		};
		960104161BA87A1C00152908 /* Resources */ = {
			isa = PBXGroup;
			children = (
			);
			path = Resources;
			sourceTree = "<group>";
		};
		960104211BAB113A00152908 /* Model */ = {
			isa = PBXGroup;
			children = (
				960104221BAB117200152908 /* AppModel.h */,
				960104231BAB117200152908 /* AppModel.m */,
				960104251BAB1B2300152908 /* UserModel.h */,
				960104261BAB1B2300152908 /* UserModel.m */,
				96E5CB2B1BB1A9EA005503CD /* PetsModel.h */,
				96E5CB2C1BB1A9EA005503CD /* PetsModel.m */,
				968B3BD81BCAA59400B8723A /* Pagination.h */,
				968B3BD91BCAA59400B8723A /* Pagination.m */,
				968B3BDB1BCAA60B00B8723A /* MomentModel.h */,
				968B3BDC1BCAA60B00B8723A /* MomentModel.m */,
				968B3BDE1BCAA67000B8723A /* CommentModel.h */,
				968B3BDF1BCAA67000B8723A /* CommentModel.m */,
			);
			path = Model;
			sourceTree = "<group>";
		};
		960104281BAB1C2E00152908 /* Register */ = {
			isa = PBXGroup;
			children = (
				960104291BAB1C4600152908 /* PhoneVerifyViewController.h */,
				9601042A1BAB1C4600152908 /* PhoneVerifyViewController.m */,
				9601042C1BAB1C5000152908 /* RegisterViewController.h */,
				9601042D1BAB1C5000152908 /* RegisterViewController.m */,
			);
			path = Register;
			sourceTree = "<group>";
		};
		9601044D1BADD08600152908 /* SMS_SDK */ = {
			isa = PBXGroup;
			children = (
				9601044E1BADD08600152908 /* SMS_SDKLocalizable.strings */,
				960104501BADD08600152908 /* SMS_SDK.framework */,
			);
			path = SMS_SDK;
			sourceTree = "<group>";
		};
		960810081BDFD0F200F6F9E2 /* Formatter */ = {
			isa = PBXGroup;
			children = (
				960810091BDFD11300F6F9E2 /* PeerDateFormatter.h */,
				9608100A1BDFD11300F6F9E2 /* PeerDateFormatter.m */,
			);
			path = Formatter;
			sourceTree = "<group>";
		};
		961F04991BDA90E9002A475E /* Framework */ = {
			isa = PBXGroup;
			children = (
				960810081BDFD0F200F6F9E2 /* Formatter */,
				9653C6B51BDCF1F200D517C8 /* RootNavViewController */,
			);
			path = Framework;
			sourceTree = "<group>";
		};
		9653C6971BDCA31100D517C8 /* Moment */ = {
			isa = PBXGroup;
			children = (
				9653C6AB1BDCA32700D517C8 /* SendMoment */,
				9653C6981BDCA31100D517C8 /* MomentDetailsCommentTableViewCell.h */,
				9653C6991BDCA31100D517C8 /* MomentDetailsCommentTableViewCell.m */,
				9653C69A1BDCA31100D517C8 /* MomentDetailsHeaderView.h */,
				9653C69B1BDCA31100D517C8 /* MomentDetailsHeaderView.m */,
				9653C69C1BDCA31100D517C8 /* MomentDetailsViewController.h */,
				9653C69D1BDCA31100D517C8 /* MomentDetailsViewController.m */,
				960810021BDFBB6F00F6F9E2 /* MomentDetailsBottomView.h */,
				960810031BDFBB6F00F6F9E2 /* MomentDetailsBottomView.m */,
			);
			path = Moment;
			sourceTree = "<group>";
		};
		9653C6AB1BDCA32700D517C8 /* SendMoment */ = {
			isa = PBXGroup;
			children = (
				9653C6AC1BDCA32700D517C8 /* SendMomentViewController.h */,
				9653C6AD1BDCA32700D517C8 /* SendMomentViewController.m */,
				9653C6AE1BDCA32700D517C8 /* SendPhotoMomentViewController.h */,
				9653C6AF1BDCA32700D517C8 /* SendPhotoMomentViewController.m */,
				9653C6B01BDCA32700D517C8 /* SendVideoMomentViewController.h */,
				9653C6B11BDCA32700D517C8 /* SendVideoMomentViewController.m */,
			);
			path = SendMoment;
			sourceTree = "<group>";
		};
		9653C6B51BDCF1F200D517C8 /* RootNavViewController */ = {
			isa = PBXGroup;
			children = (
				9653C6B61BDCF20400D517C8 /* RootNavViewController.h */,
				9653C6B71BDCF20400D517C8 /* RootNavViewController.m */,
			);
			path = RootNavViewController;
			sourceTree = "<group>";
		};
		9656F9491BD147840043FA38 /* LayoutUtils */ = {
			isa = PBXGroup;
			children = (
				9656F94A1BD147B00043FA38 /* LayoutUtil.h */,
				9656F94B1BD147B00043FA38 /* LayoutUtil.m */,
			);
			path = LayoutUtils;
			sourceTree = "<group>";
		};
		966144561BE129C7003BD75A /* Pet */ = {
			isa = PBXGroup;
			children = (
				966144571BE129E4003BD75A /* PetDetailsViewController.h */,
				966144581BE129E4003BD75A /* PetDetailsViewController.m */,
			);
			path = Pet;
			sourceTree = "<group>";
		};
		966B51701B7F8D70000F0EF2 = {
			isa = PBXGroup;
			children = (
				966B517B1B7F8D70000F0EF2 /* Peer */,
				966B51951B7F8D70000F0EF2 /* PeerTests */,
				966B517A1B7F8D70000F0EF2 /* Products */,
				A5EF66DA01FA01C7F7BB91CC /* Pods */,
				1B4F7B120EE7351ACEF659A5 /* Frameworks */,
			);
			sourceTree = "<group>";
		};
		966B517A1B7F8D70000F0EF2 /* Products */ = {
			isa = PBXGroup;
			children = (
				966B51791B7F8D70000F0EF2 /* Peer.app */,
				966B51921B7F8D70000F0EF2 /* PeerTests.xctest */,
			);
			name = Products;
			sourceTree = "<group>";
		};
		966B517B1B7F8D70000F0EF2 /* Peer */ = {
			isa = PBXGroup;
			children = (
				960103E21BA8795500152908 /* Components */,
				960104211BAB113A00152908 /* Model */,
				960104031BA879E200152908 /* Services */,
				9601040A1BA879F600152908 /* ViewControllers */,
				966B51801B7F8D70000F0EF2 /* AppDelegate.h */,
				966B51811B7F8D70000F0EF2 /* AppDelegate.m */,
				966B518B1B7F8D70000F0EF2 /* LaunchScreen.xib */,
				96F92A8B1BD5599900989916 /* Images.xcassets */,
				966B517C1B7F8D70000F0EF2 /* Supporting Files */,
			);
			path = Peer;
			sourceTree = "<group>";
		};
		966B517C1B7F8D70000F0EF2 /* Supporting Files */ = {
			isa = PBXGroup;
			children = (
				960104161BA87A1C00152908 /* Resources */,
				966B517D1B7F8D70000F0EF2 /* Info.plist */,
				966B517E1B7F8D70000F0EF2 /* main.m */,
				966B51A91B7FA959000F0EF2 /* Peer-Prefix.pch */,
			);
			name = "Supporting Files";
			sourceTree = "<group>";
		};
		966B51951B7F8D70000F0EF2 /* PeerTests */ = {
			isa = PBXGroup;
			children = (
				966B51981B7F8D70000F0EF2 /* PeerTests.m */,
				966B51961B7F8D70000F0EF2 /* Supporting Files */,
				9601042F1BAC4F2900152908 /* LoginServiceTest.m */,
			);
			path = PeerTests;
			sourceTree = "<group>";
		};
		966B51961B7F8D70000F0EF2 /* Supporting Files */ = {
			isa = PBXGroup;
			children = (
				966B51971B7F8D70000F0EF2 /* Info.plist */,
			);
			name = "Supporting Files";
			sourceTree = "<group>";
		};
		96A2D8D51BC117DF0016AE3F /* OSS1.3 */ = {
			isa = PBXGroup;
			children = (
				96A2D8D91BC118AA0016AE3F /* ALBB_OSS_IOS_SDK.framework */,
				96A2D8DB1BC119C70016AE3F /* OSSFileManager.h */,
				96A2D8DC1BC119C70016AE3F /* OSSFileManager.m */,
			);
			path = OSS1.3;
			sourceTree = "<group>";
		};
		96DC2C461BCF5F3200126AB6 /* Peer */ = {
			isa = PBXGroup;
			children = (
				961F04991BDA90E9002A475E /* Framework */,
				9656F9491BD147840043FA38 /* LayoutUtils */,
				96DC2C471BCF5F7800126AB6 /* HorizontalCardTableView */,
			);
			path = Peer;
			sourceTree = "<group>";
		};
		96DC2C471BCF5F7800126AB6 /* HorizontalCardTableView */ = {
			isa = PBXGroup;
			children = (
				96DC2C481BCF5F8F00126AB6 /* HorizontalCardTableView.h */,
				96DC2C491BCF5F8F00126AB6 /* HorizontalCardTableView.m */,
				96DC2C5A1BCF84E300126AB6 /* HCTableViewCell.h */,
				96DC2C5B1BCF84E300126AB6 /* HCTableViewCell.m */,
			);
			path = HorizontalCardTableView;
			sourceTree = "<group>";
		};
		96DC2C4B1BCF6DF300126AB6 /* Home */ = {
			isa = PBXGroup;
			children = (
				96DC2C571BCF82F800126AB6 /* PeerHomeViewController.h */,
				96DC2C581BCF82F800126AB6 /* PeerHomeViewController.m */,
				9656F9431BD1321C0043FA38 /* CardCollectionViewCell.h */,
				9656F9441BD1321C0043FA38 /* CardCollectionViewCell.m */,
				9656F9461BD145240043FA38 /* HorizonCardFlowLayout.h */,
				9656F9471BD145240043FA38 /* HorizonCardFlowLayout.m */,
				CE2C57091BD3885800DEAF32 /* HomeHeaderView.h */,
				CE2C570A1BD3885800DEAF32 /* HomeHeaderView.m */,
				CE2C570C1BD3889700DEAF32 /* HomeBottomView.h */,
				CE2C570D1BD3889700DEAF32 /* HomeBottomView.m */,
			);
			path = Home;
			sourceTree = "<group>";
		};
		96DC2C501BCF7CE700126AB6 /* UMeng */ = {
			isa = PBXGroup;
			children = (
				96DC2C511BCF7CF500126AB6 /* libMobClickLibrary.a */,
				96DC2C521BCF7CF500126AB6 /* MobClick.h */,
				96DC2C531BCF7CF500126AB6 /* MobClickSocialAnalytics.h */,
			);
			path = UMeng;
			sourceTree = "<group>";
		};
		A5EF66DA01FA01C7F7BB91CC /* Pods */ = {
			isa = PBXGroup;
			children = (
				272BA73686C155AAE8390D47 /* Pods-Peer.debug.xcconfig */,
				A1FE296EA4C7788C849801D9 /* Pods-Peer.release.xcconfig */,
			);
			name = Pods;
			sourceTree = "<group>";
		};
/* End PBXGroup section */

/* Begin PBXNativeTarget section */
		966B51781B7F8D70000F0EF2 /* Peer */ = {
			isa = PBXNativeTarget;
			buildConfigurationList = 966B519C1B7F8D70000F0EF2 /* Build configuration list for PBXNativeTarget "Peer" */;
			buildPhases = (
				46241B408D2057210C604892 /* Check Pods Manifest.lock */,
				966B51751B7F8D70000F0EF2 /* Sources */,
				966B51761B7F8D70000F0EF2 /* Frameworks */,
				966B51771B7F8D70000F0EF2 /* Resources */,
				C11AB9B8FC549C23D541E4F0 /* Copy Pods Resources */,
			);
			buildRules = (
			);
			dependencies = (
			);
			name = Peer;
			productName = Peer;
			productReference = 966B51791B7F8D70000F0EF2 /* Peer.app */;
			productType = "com.apple.product-type.application";
		};
		966B51911B7F8D70000F0EF2 /* PeerTests */ = {
			isa = PBXNativeTarget;
			buildConfigurationList = 966B519F1B7F8D70000F0EF2 /* Build configuration list for PBXNativeTarget "PeerTests" */;
			buildPhases = (
				966B518E1B7F8D70000F0EF2 /* Sources */,
				966B518F1B7F8D70000F0EF2 /* Frameworks */,
				966B51901B7F8D70000F0EF2 /* Resources */,
			);
			buildRules = (
			);
			dependencies = (
				966B51941B7F8D70000F0EF2 /* PBXTargetDependency */,
			);
			name = PeerTests;
			productName = PeerTests;
			productReference = 966B51921B7F8D70000F0EF2 /* PeerTests.xctest */;
			productType = "com.apple.product-type.bundle.unit-test";
		};
/* End PBXNativeTarget section */

/* Begin PBXProject section */
		966B51711B7F8D70000F0EF2 /* Project object */ = {
			isa = PBXProject;
			attributes = {
				LastUpgradeCheck = 0640;
				ORGANIZATIONNAME = peers;
				TargetAttributes = {
					966B51781B7F8D70000F0EF2 = {
						CreatedOnToolsVersion = 6.4;
						DevelopmentTeam = 7K4673R67D;
					};
					966B51911B7F8D70000F0EF2 = {
						CreatedOnToolsVersion = 6.4;
						TestTargetID = 966B51781B7F8D70000F0EF2;
					};
				};
			};
			buildConfigurationList = 966B51741B7F8D70000F0EF2 /* Build configuration list for PBXProject "Peer" */;
			compatibilityVersion = "Xcode 3.2";
			developmentRegion = English;
			hasScannedForEncodings = 0;
			knownRegions = (
				en,
				Base,
				"zh-Hans",
			);
			mainGroup = 966B51701B7F8D70000F0EF2;
			productRefGroup = 966B517A1B7F8D70000F0EF2 /* Products */;
			projectDirPath = "";
			projectRoot = "";
			targets = (
				966B51781B7F8D70000F0EF2 /* Peer */,
				966B51911B7F8D70000F0EF2 /* PeerTests */,
			);
		};
/* End PBXProject section */

/* Begin PBXResourcesBuildPhase section */
		966B51771B7F8D70000F0EF2 /* Resources */ = {
			isa = PBXResourcesBuildPhase;
			buildActionMask = 2147483647;
			files = (
				966B518D1B7F8D70000F0EF2 /* LaunchScreen.xib in Resources */,
				960104521BADD08600152908 /* SMS_SDKLocalizable.strings in Resources */,
				96F92A8C1BD5599900989916 /* Images.xcassets in Resources */,
			);
			runOnlyForDeploymentPostprocessing = 0;
		};
		966B51901B7F8D70000F0EF2 /* Resources */ = {
			isa = PBXResourcesBuildPhase;
			buildActionMask = 2147483647;
			files = (
			);
			runOnlyForDeploymentPostprocessing = 0;
		};
/* End PBXResourcesBuildPhase section */

/* Begin PBXShellScriptBuildPhase section */
		46241B408D2057210C604892 /* Check Pods Manifest.lock */ = {
			isa = PBXShellScriptBuildPhase;
			buildActionMask = 2147483647;
			files = (
			);
			inputPaths = (
			);
			name = "Check Pods Manifest.lock";
			outputPaths = (
			);
			runOnlyForDeploymentPostprocessing = 0;
			shellPath = /bin/sh;
			shellScript = "diff \"${PODS_ROOT}/../Podfile.lock\" \"${PODS_ROOT}/Manifest.lock\" > /dev/null\nif [[ $? != 0 ]] ; then\n    cat << EOM\nerror: The sandbox is not in sync with the Podfile.lock. Run 'pod install' or update your CocoaPods installation.\nEOM\n    exit 1\nfi\n";
			showEnvVarsInLog = 0;
		};
		C11AB9B8FC549C23D541E4F0 /* Copy Pods Resources */ = {
			isa = PBXShellScriptBuildPhase;
			buildActionMask = 2147483647;
			files = (
			);
			inputPaths = (
			);
			name = "Copy Pods Resources";
			outputPaths = (
			);
			runOnlyForDeploymentPostprocessing = 0;
			shellPath = /bin/sh;
			shellScript = "\"${SRCROOT}/Pods/Target Support Files/Pods-Peer/Pods-Peer-resources.sh\"\n";
			showEnvVarsInLog = 0;
		};
/* End PBXShellScriptBuildPhase section */

/* Begin PBXSourcesBuildPhase section */
		966B51751B7F8D70000F0EF2 /* Sources */ = {
			isa = PBXSourcesBuildPhase;
			buildActionMask = 2147483647;
			files = (
				960103F51BA8795500152908 /* OpenUDID.m in Sources */,
				CE2C570B1BD3885800DEAF32 /* HomeHeaderView.m in Sources */,
				960104081BA879E200152908 /* AppService.m in Sources */,
				960104201BA9CAC300152908 /* UserService.m in Sources */,
				960104021BA879C800152908 /* UIView+Layout.m in Sources */,
				966B51821B7F8D70000F0EF2 /* AppDelegate.m in Sources */,
				96E5CB301BB1B18E005503CD /* NSDictionary+AddObject.m in Sources */,
				96A2D8DD1BC119C70016AE3F /* OSSFileManager.m in Sources */,
				960103FF1BA879C800152908 /* NSData+JSON.m in Sources */,
				960104271BAB1B2300152908 /* UserModel.m in Sources */,
				96DC2C591BCF82F800126AB6 /* PeerHomeViewController.m in Sources */,
				960810071BDFCE7300F6F9E2 /* NSDate+Formatter.m in Sources */,
				968B3BD71BCAA52400B8723A /* MomentsService.m in Sources */,
				96A2D8D41BC032200016AE3F /* ApplicationDirectoryService.m in Sources */,
				CE2C570E1BD3889700DEAF32 /* HomeBottomView.m in Sources */,
				9656F9481BD145240043FA38 /* HorizonCardFlowLayout.m in Sources */,
				96DC2C4A1BCF5F8F00126AB6 /* HorizontalCardTableView.m in Sources */,
				96E5CB2D1BB1A9EA005503CD /* PetsModel.m in Sources */,
				9601042B1BAB1C4600152908 /* PhoneVerifyViewController.m in Sources */,
				96DC2C5C1BCF84E300126AB6 /* HCTableViewCell.m in Sources */,
				960104131BA879F600152908 /* LoginView.m in Sources */,
				9653C6B21BDCA32700D517C8 /* SendMomentViewController.m in Sources */,
				9653C6A61BDCA31100D517C8 /* MomentDetailsHeaderView.m in Sources */,
				9608100B1BDFD11300F6F9E2 /* PeerDateFormatter.m in Sources */,
				960104241BAB117200152908 /* AppModel.m in Sources */,
				9656F94C1BD147B00043FA38 /* LayoutUtil.m in Sources */,
				96E5CB2A1BB1A9C3005503CD /* PetsService.m in Sources */,
				968B3BD41BCAA21D00B8723A /* FileUploadService.m in Sources */,
				960810041BDFBB6F00F6F9E2 /* MomentDetailsBottomView.m in Sources */,
				966144591BE129E4003BD75A /* PetDetailsViewController.m in Sources */,
				CE2C57081BD37AC900DEAF32 /* NSString+Size.m in Sources */,
				960104151BA879F600152908 /* ViewController.m in Sources */,
				9653C6B41BDCA32700D517C8 /* SendVideoMomentViewController.m in Sources */,
				960104351BAD6AB700152908 /* TestViewController.m in Sources */,
				960104091BA879E200152908 /* LoginService.m in Sources */,
				960103F41BA8795500152908 /* PeerNetworkManager.m in Sources */,
				968B3BE01BCAA67000B8723A /* CommentModel.m in Sources */,
				968B3BDA1BCAA59400B8723A /* Pagination.m in Sources */,
				9656F9451BD1321C0043FA38 /* CardCollectionViewCell.m in Sources */,
				960104561BAE80C100152908 /* ValidationService.m in Sources */,
				968B3BDD1BCAA60B00B8723A /* MomentModel.m in Sources */,
				9653C6A51BDCA31100D517C8 /* MomentDetailsCommentTableViewCell.m in Sources */,
				9653C6B81BDCF20400D517C8 /* RootNavViewController.m in Sources */,
				9653C6B31BDCA32700D517C8 /* SendPhotoMomentViewController.m in Sources */,
				9601042E1BAB1C5000152908 /* RegisterViewController.m in Sources */,
				960104141BA879F600152908 /* LoginViewController.m in Sources */,
				960104001BA879C800152908 /* UIColor+Hex.m in Sources */,
				960104011BA879C800152908 /* UIImage+Color.m in Sources */,
				966B517F1B7F8D70000F0EF2 /* main.m in Sources */,
				9653C6A71BDCA31100D517C8 /* MomentDetailsViewController.m in Sources */,
			);
			runOnlyForDeploymentPostprocessing = 0;
		};
		966B518E1B7F8D70000F0EF2 /* Sources */ = {
			isa = PBXSourcesBuildPhase;
			buildActionMask = 2147483647;
			files = (
				966B51991B7F8D70000F0EF2 /* PeerTests.m in Sources */,
				960104301BAC4F2900152908 /* LoginServiceTest.m in Sources */,
			);
			runOnlyForDeploymentPostprocessing = 0;
		};
/* End PBXSourcesBuildPhase section */

/* Begin PBXTargetDependency section */
		966B51941B7F8D70000F0EF2 /* PBXTargetDependency */ = {
			isa = PBXTargetDependency;
			target = 966B51781B7F8D70000F0EF2 /* Peer */;
			targetProxy = 966B51931B7F8D70000F0EF2 /* PBXContainerItemProxy */;
		};
/* End PBXTargetDependency section */

/* Begin PBXVariantGroup section */
		9601044E1BADD08600152908 /* SMS_SDKLocalizable.strings */ = {
			isa = PBXVariantGroup;
			children = (
				9601044F1BADD08600152908 /* en */,
				960104511BADD08600152908 /* zh-Hans */,
			);
			name = SMS_SDKLocalizable.strings;
			sourceTree = "<group>";
		};
		966B518B1B7F8D70000F0EF2 /* LaunchScreen.xib */ = {
			isa = PBXVariantGroup;
			children = (
				966B518C1B7F8D70000F0EF2 /* Base */,
			);
			name = LaunchScreen.xib;
			sourceTree = "<group>";
		};
/* End PBXVariantGroup section */

/* Begin XCBuildConfiguration section */
		966B519A1B7F8D70000F0EF2 /* Debug */ = {
			isa = XCBuildConfiguration;
			buildSettings = {
				ALWAYS_SEARCH_USER_PATHS = NO;
				CLANG_CXX_LANGUAGE_STANDARD = "gnu++0x";
				CLANG_CXX_LIBRARY = "libc++";
				CLANG_ENABLE_MODULES = YES;
				CLANG_ENABLE_OBJC_ARC = YES;
				CLANG_WARN_BOOL_CONVERSION = YES;
				CLANG_WARN_CONSTANT_CONVERSION = YES;
				CLANG_WARN_DIRECT_OBJC_ISA_USAGE = YES_ERROR;
				CLANG_WARN_EMPTY_BODY = YES;
				CLANG_WARN_ENUM_CONVERSION = YES;
				CLANG_WARN_INT_CONVERSION = YES;
				CLANG_WARN_OBJC_ROOT_CLASS = YES_ERROR;
				CLANG_WARN_UNREACHABLE_CODE = YES;
				CLANG_WARN__DUPLICATE_METHOD_MATCH = YES;
				"CODE_SIGN_IDENTITY[sdk=iphoneos*]" = "iPhone Developer";
				COPY_PHASE_STRIP = NO;
				DEBUG_INFORMATION_FORMAT = "dwarf-with-dsym";
				ENABLE_STRICT_OBJC_MSGSEND = YES;
				GCC_C_LANGUAGE_STANDARD = gnu99;
				GCC_DYNAMIC_NO_PIC = NO;
				GCC_NO_COMMON_BLOCKS = YES;
				GCC_OPTIMIZATION_LEVEL = 0;
				GCC_PREPROCESSOR_DEFINITIONS = (
					"DEBUG=1",
					"$(inherited)",
				);
				GCC_SYMBOLS_PRIVATE_EXTERN = NO;
				GCC_WARN_64_TO_32_BIT_CONVERSION = YES;
				GCC_WARN_ABOUT_RETURN_TYPE = YES_ERROR;
				GCC_WARN_UNDECLARED_SELECTOR = YES;
				GCC_WARN_UNINITIALIZED_AUTOS = YES_AGGRESSIVE;
				GCC_WARN_UNUSED_FUNCTION = YES;
				GCC_WARN_UNUSED_VARIABLE = YES;
				IPHONEOS_DEPLOYMENT_TARGET = 8.0;
				MTL_ENABLE_DEBUG_INFO = YES;
				ONLY_ACTIVE_ARCH = YES;
				SDKROOT = iphoneos;
			};
			name = Debug;
		};
		966B519B1B7F8D70000F0EF2 /* Release */ = {
			isa = XCBuildConfiguration;
			buildSettings = {
				ALWAYS_SEARCH_USER_PATHS = NO;
				CLANG_CXX_LANGUAGE_STANDARD = "gnu++0x";
				CLANG_CXX_LIBRARY = "libc++";
				CLANG_ENABLE_MODULES = YES;
				CLANG_ENABLE_OBJC_ARC = YES;
				CLANG_WARN_BOOL_CONVERSION = YES;
				CLANG_WARN_CONSTANT_CONVERSION = YES;
				CLANG_WARN_DIRECT_OBJC_ISA_USAGE = YES_ERROR;
				CLANG_WARN_EMPTY_BODY = YES;
				CLANG_WARN_ENUM_CONVERSION = YES;
				CLANG_WARN_INT_CONVERSION = YES;
				CLANG_WARN_OBJC_ROOT_CLASS = YES_ERROR;
				CLANG_WARN_UNREACHABLE_CODE = YES;
				CLANG_WARN__DUPLICATE_METHOD_MATCH = YES;
				"CODE_SIGN_IDENTITY[sdk=iphoneos*]" = "iPhone Developer";
				COPY_PHASE_STRIP = NO;
				DEBUG_INFORMATION_FORMAT = "dwarf-with-dsym";
				ENABLE_NS_ASSERTIONS = NO;
				ENABLE_STRICT_OBJC_MSGSEND = YES;
				GCC_C_LANGUAGE_STANDARD = gnu99;
				GCC_NO_COMMON_BLOCKS = YES;
				GCC_WARN_64_TO_32_BIT_CONVERSION = YES;
				GCC_WARN_ABOUT_RETURN_TYPE = YES_ERROR;
				GCC_WARN_UNDECLARED_SELECTOR = YES;
				GCC_WARN_UNINITIALIZED_AUTOS = YES_AGGRESSIVE;
				GCC_WARN_UNUSED_FUNCTION = YES;
				GCC_WARN_UNUSED_VARIABLE = YES;
				IPHONEOS_DEPLOYMENT_TARGET = 8.0;
				MTL_ENABLE_DEBUG_INFO = NO;
				SDKROOT = iphoneos;
				VALIDATE_PRODUCT = YES;
			};
			name = Release;
		};
		966B519D1B7F8D70000F0EF2 /* Debug */ = {
			isa = XCBuildConfiguration;
			baseConfigurationReference = 272BA73686C155AAE8390D47 /* Pods-Peer.debug.xcconfig */;
			buildSettings = {
				ASSETCATALOG_COMPILER_APPICON_NAME = AppIcon;
				ASSETCATALOG_COMPILER_LAUNCHIMAGE_NAME = LaunchImage;
				CODE_SIGN_IDENTITY = "iPhone Developer";
				ENABLE_BITCODE = NO;
				FRAMEWORK_SEARCH_PATHS = (
					"$(inherited)",
					"$(PROJECT_DIR)/Peer/Components/Vendor/OpenUDID/SMS_SDK",
					"$(PROJECT_DIR)/Peer/Components/Vendor/SMS_SDK",
					"$(PROJECT_DIR)/Peer/Components/Vendor/OSS1.3",
				);
				GCC_PRECOMPILE_PREFIX_HEADER = YES;
				GCC_PREFIX_HEADER = "Peer/Peer-Prefix.pch";
				INFOPLIST_FILE = Peer/Info.plist;
				IPHONEOS_DEPLOYMENT_TARGET = 7.0;
				LD_RUNPATH_SEARCH_PATHS = "$(inherited) @executable_path/Frameworks";
				LIBRARY_SEARCH_PATHS = (
					"$(inherited)",
					"$(PROJECT_DIR)/Peer/Components/Vendor/UMeng",
				);
				PRODUCT_NAME = "$(TARGET_NAME)";
			};
			name = Debug;
		};
		966B519E1B7F8D70000F0EF2 /* Release */ = {
			isa = XCBuildConfiguration;
			baseConfigurationReference = A1FE296EA4C7788C849801D9 /* Pods-Peer.release.xcconfig */;
			buildSettings = {
				ASSETCATALOG_COMPILER_APPICON_NAME = AppIcon;
				ASSETCATALOG_COMPILER_LAUNCHIMAGE_NAME = LaunchImage;
				CODE_SIGN_IDENTITY = "iPhone Developer";
				ENABLE_BITCODE = NO;
				FRAMEWORK_SEARCH_PATHS = (
					"$(inherited)",
					"$(PROJECT_DIR)/Peer/Components/Vendor/OpenUDID/SMS_SDK",
					"$(PROJECT_DIR)/Peer/Components/Vendor/SMS_SDK",
					"$(PROJECT_DIR)/Peer/Components/Vendor/OSS1.3",
				);
				GCC_PRECOMPILE_PREFIX_HEADER = YES;
				GCC_PREFIX_HEADER = "Peer/Peer-Prefix.pch";
				INFOPLIST_FILE = Peer/Info.plist;
				IPHONEOS_DEPLOYMENT_TARGET = 7.0;
				LD_RUNPATH_SEARCH_PATHS = "$(inherited) @executable_path/Frameworks";
				LIBRARY_SEARCH_PATHS = (
					"$(inherited)",
					"$(PROJECT_DIR)/Peer/Components/Vendor/UMeng",
				);
				PRODUCT_NAME = "$(TARGET_NAME)";
			};
			name = Release;
		};
		966B51A01B7F8D70000F0EF2 /* Debug */ = {
			isa = XCBuildConfiguration;
			buildSettings = {
				BUNDLE_LOADER = "$(TEST_HOST)";
				FRAMEWORK_SEARCH_PATHS = (
					"$(SDKROOT)/Developer/Library/Frameworks",
					"$(inherited)",
				);
				GCC_PRECOMPILE_PREFIX_HEADER = YES;
				GCC_PREFIX_HEADER = "Peer/Peer-prefix.pch";
				GCC_PREPROCESSOR_DEFINITIONS = (
					"DEBUG=1",
					"$(inherited)",
				);
				INFOPLIST_FILE = PeerTests/Info.plist;
				LD_RUNPATH_SEARCH_PATHS = "$(inherited) @executable_path/Frameworks @loader_path/Frameworks";
				LIBRARY_SEARCH_PATHS = (
					"$(inherited)",
					"$(PROJECT_DIR)/Pods/build/Debug-iphoneos",
				);
				PRODUCT_NAME = "$(TARGET_NAME)";
				TEST_HOST = "$(BUILT_PRODUCTS_DIR)/Peer.app/Peer";
			};
			name = Debug;
		};
		966B51A11B7F8D70000F0EF2 /* Release */ = {
			isa = XCBuildConfiguration;
			buildSettings = {
				BUNDLE_LOADER = "$(TEST_HOST)";
				FRAMEWORK_SEARCH_PATHS = (
					"$(SDKROOT)/Developer/Library/Frameworks",
					"$(inherited)",
				);
				GCC_PRECOMPILE_PREFIX_HEADER = YES;
				GCC_PREFIX_HEADER = "Peer/Peer-prefix.pch";
				INFOPLIST_FILE = PeerTests/Info.plist;
				LD_RUNPATH_SEARCH_PATHS = "$(inherited) @executable_path/Frameworks @loader_path/Frameworks";
				LIBRARY_SEARCH_PATHS = (
					"$(inherited)",
					"$(PROJECT_DIR)/Pods/build/Debug-iphoneos",
				);
				PRODUCT_NAME = "$(TARGET_NAME)";
				TEST_HOST = "$(BUILT_PRODUCTS_DIR)/Peer.app/Peer";
			};
			name = Release;
		};
/* End XCBuildConfiguration section */

/* Begin XCConfigurationList section */
		966B51741B7F8D70000F0EF2 /* Build configuration list for PBXProject "Peer" */ = {
			isa = XCConfigurationList;
			buildConfigurations = (
				966B519A1B7F8D70000F0EF2 /* Debug */,
				966B519B1B7F8D70000F0EF2 /* Release */,
			);
			defaultConfigurationIsVisible = 0;
			defaultConfigurationName = Release;
		};
		966B519C1B7F8D70000F0EF2 /* Build configuration list for PBXNativeTarget "Peer" */ = {
			isa = XCConfigurationList;
			buildConfigurations = (
				966B519D1B7F8D70000F0EF2 /* Debug */,
				966B519E1B7F8D70000F0EF2 /* Release */,
			);
			defaultConfigurationIsVisible = 0;
			defaultConfigurationName = Release;
		};
		966B519F1B7F8D70000F0EF2 /* Build configuration list for PBXNativeTarget "PeerTests" */ = {
			isa = XCConfigurationList;
			buildConfigurations = (
				966B51A01B7F8D70000F0EF2 /* Debug */,
				966B51A11B7F8D70000F0EF2 /* Release */,
			);
			defaultConfigurationIsVisible = 0;
			defaultConfigurationName = Release;
		};
/* End XCConfigurationList section */
	};
	rootObject = 966B51711B7F8D70000F0EF2 /* Project object */;
}
